
Microsoft Visual Studio Solution File, Format Version 12.00
# Visual Studio Version 16
VisualStudioVersion = 16.0.810.23
MinimumVisualStudioVersion = 10.0.40219.1
Project("{FAE04EC0-301F-11D3-BF4B-00C04F79EFBC}") = "API", "API\API.csproj", "{3CB6746E-14DE-4426-9AE5-0670BB577F00}"
EndProject
Global
	GlobalSection(SolutionConfigurationPlatforms) = preSolution
		Debug|Any CPU = Debug|Any CPU
		Release|Any CPU = Release|Any CPU
	EndGlobalSection
	GlobalSection(ProjectConfigurationPlatforms) = postSolution
		{3CB6746E-14DE-4426-9AE5-0670BB577F00}.Debug|Any CPU.ActiveCfg = Debug|Any CPU
		{3CB6746E-14DE-4426-9AE5-0670BB577F00}.Debug|Any CPU.Build.0 = Debug|Any CPU
		{3CB6746E-14DE-4426-9AE5-0670BB577F00}.Release|Any CPU.ActiveCfg = Release|Any CPU
		{3CB6746E-14DE-4426-9AE5-0670BB577F00}.Release|Any CPU.Build.0 = Release|Any CPU
		{82A09644-C288-4174-9B57-405062A065C5}.Debug|Any CPU.ActiveCfg = Debug|Any CPU
		{82A09644-C288-4174-9B57-405062A065C5}.Debug|Any CPU.Build.0 = Debug|Any CPU
		{82A09644-C288-4174-9B57-405062A065C5}.Release|Any CPU.ActiveCfg = Release|Any CPU
		{82A09644-C288-4174-9B57-405062A065C5}.Release|Any CPU.Build.0 = Release|Any CPU
	EndGlobalSection
	GlobalSection(SolutionProperties) = preSolution
		HideSolutionNode = FALSE
	EndGlobalSection
	GlobalSection(ExtensibilityGlobals) = postSolution
		SolutionGuid = {011D359E-3BDF-49B1-BA8C-D2739F7D25AE}
	EndGlobalSection
EndGlobal
